
Microsoft Visual Studio Solution File, Format Version 12.00
# Visual Studio Version 17
VisualStudioVersion = 17.1.32328.378
MinimumVisualStudioVersion = 10.0.40219.1
Project("{2150E333-8FDC-42A3-9474-1A3956D46DE8}") = "Shared", "Shared", "{FE1C2334-17CC-475F-83A8-E9A6EFFE8F19}"
EndProject
Project("{9A19103F-16F7-4668-BE54-9A1E7A4F7556}") = "Shared.Web", "src\Shared\Shared.Web\Shared.Web.csproj", "{BD965023-7AA0-40C7-B3BF-565FAD525346}"
EndProject
Project("{9A19103F-16F7-4668-BE54-9A1E7A4F7556}") = "Shared.Types", "src\Shared\Shared.Types\Shared.Types.csproj", "{A523D379-4B6E-44BC-8BFA-E926091646A7}"
EndProject
Project("{9A19103F-16F7-4668-BE54-9A1E7A4F7556}") = "Shared.Mongo", "src\Shared\Shared.Mongo\Shared.Mongo.csproj", "{12DBDA34-49FF-40F5-A32B-B9BCB5814DC8}"
EndProject
Project("{9A19103F-16F7-4668-BE54-9A1E7A4F7556}") = "Shared.Common", "src\Shared\Shared.Common\Shared.Common.csproj", "{E9E57328-EBA8-4796-BAFD-9CD46EF4088D}"
EndProject
Project("{2150E333-8FDC-42A3-9474-1A3956D46DE8}") = "Services", "Services", "{31F6434B-386A-4AF5-8EE2-9C101A11D624}"
EndProject
Project("{9A19103F-16F7-4668-BE54-9A1E7A4F7556}") = "Shared.Cqrs", "src\Shared\Shared.Cqrs\Shared.Cqrs.csproj", "{325F0F93-A8BE-4DBD-885D-BED9F3EEC04C}"
EndProject
Project("{9A19103F-16F7-4668-BE54-9A1E7A4F7556}") = "Shared.Logging", "src\Shared\Shared.Logging\Shared.Logging.csproj", "{46DA9C84-B55D-47FF-A388-C426117EDA7C}"
EndProject
Project("{9A19103F-16F7-4668-BE54-9A1E7A4F7556}") = "Event.Api", "src\Services\Event\Event.Api\Event.Api.csproj", "{A6AF4D59-AB1D-4042-B958-8DA36247A146}"
EndProject
Project("{9A19103F-16F7-4668-BE54-9A1E7A4F7556}") = "Shared.Domain", "src\Shared\Shared.Domain\Shared.Domain.csproj", "{27C80349-1BBD-4640-931D-78EE75F843D7}"
EndProject
Project("{9A19103F-16F7-4668-BE54-9A1E7A4F7556}") = "Shared.IdGenerator", "src\Shared\Shared.IdGenerator\Shared.IdGenerator.csproj", "{899EF158-A39B-4037-9ABB-8C8493026143}"
EndProject
Project("{9A19103F-16F7-4668-BE54-9A1E7A4F7556}") = "Shared.RabbitMq", "src\Shared\Shared.RabbitMq\Shared.RabbitMq.csproj", "{003A10A1-E770-46B9-83C3-8E21E702C698}"
EndProject
Project("{9A19103F-16F7-4668-BE54-9A1E7A4F7556}") = "Shared.MessageBroker", "src\Shared\Shared.MessageBroker\Shared.MessageBroker.csproj", "{2157EA2A-6346-4CA4-86BF-12A743B8B1C6}"
EndProject
Project("{9A19103F-16F7-4668-BE54-9A1E7A4F7556}") = "Shared.Swagger", "src\Shared\Shared.Swagger\Shared.Swagger.csproj", "{18B21CD8-3BF8-4E22-8387-C1CD800F7990}"
EndProject
Project("{9A19103F-16F7-4668-BE54-9A1E7A4F7556}") = "Event.Core", "src\Services\Event\Event.Core\Event.Core.csproj", "{399FFF2B-6C61-4E17-9C99-4692F40304AF}"
EndProject
Project("{9A19103F-16F7-4668-BE54-9A1E7A4F7556}") = "Event.Application", "src\Services\Event\Event.Application\Event.Application.csproj", "{D85AA6D0-BDD3-426C-B9EA-FAADF7702CD5}"
EndProject
Project("{9A19103F-16F7-4668-BE54-9A1E7A4F7556}") = "Event.Infrastructure", "src\Services\Event\Event.Infrastructure\Event.Infrastructure.csproj", "{8CB974BB-FC3D-4614-9907-21A50003F9E7}"
EndProject
Project("{2150E333-8FDC-42A3-9474-1A3956D46DE8}") = "src", "src", "{F88AA77B-9865-47A5-AAA4-1FC774C4B661}"
EndProject
Project("{2150E333-8FDC-42A3-9474-1A3956D46DE8}") = "Event", "Event", "{8047CBC9-9A37-401B-9418-61BD025E46B3}"
EndProject
Project("{9A19103F-16F7-4668-BE54-9A1E7A4F7556}") = "Shared.MessageBroker.Cqrs", "src\Shared\Shared.MessageBroker.Cqrs\Shared.MessageBroker.Cqrs.csproj", "{A0E77E63-7FF6-4A29-B477-6F12D40C131E}"
EndProject
Project("{9A19103F-16F7-4668-BE54-9A1E7A4F7556}") = "Shared.Prometheus", "src\Shared\Shared.Prometheus\Shared.Prometheus.csproj", "{B3CD0221-A585-4525-9771-A73F8960FB35}"
EndProject
Project("{9A19103F-16F7-4668-BE54-9A1E7A4F7556}") = "Shared.Metrics", "src\Shared\Shared.Metrics\Shared.Metrics.csproj", "{10960A94-8336-49D1-B049-497258C07740}"
EndProject
Project("{2150E333-8FDC-42A3-9474-1A3956D46DE8}") = "prometheus", "prometheus", "{74F99983-B1AB-4464-BBE4-33590948D8E7}"
	ProjectSection(SolutionItems) = preProject
		prometheus\Dockerfile = prometheus\Dockerfile
		prometheus\prometheus.yml = prometheus\prometheus.yml
	EndProjectSection
EndProject
Project("{2150E333-8FDC-42A3-9474-1A3956D46DE8}") = "ApiGateway", "ApiGateway", "{44DB2CC8-63F8-4B06-B679-979078D281F7}"
EndProject
Project("{9A19103F-16F7-4668-BE54-9A1E7A4F7556}") = "WebApiGateway", "src\Services\WebApiGateway\WebApiGateway.csproj", "{8FCF8975-295B-47A8-B5C5-C5742F35016A}"
EndProject
Project("{2150E333-8FDC-42A3-9474-1A3956D46DE8}") = "test", "test", "{3FB6E6A3-1BEC-4083-8454-42F7E67DCD1E}"
EndProject
Project("{2150E333-8FDC-42A3-9474-1A3956D46DE8}") = "Services", "Services", "{5658761F-F05D-4A39-A36A-83476CFC50DA}"
EndProject
Project("{2150E333-8FDC-42A3-9474-1A3956D46DE8}") = "Event", "Event", "{7BF80323-DAEE-492B-AC79-2ABB6E08887E}"
EndProject
Project("{9A19103F-16F7-4668-BE54-9A1E7A4F7556}") = "FunctionalTests", "test\Services\Event\FunctionalTests\FunctionalTests.csproj", "{44603D45-F21E-4A4E-8B78-6B538719C702}"
EndProject
Project("{2150E333-8FDC-42A3-9474-1A3956D46DE8}") = "Slip", "Slip", "{BA339C5E-7069-4E93-A1DD-6D0439B37733}"
EndProject
Project("{9A19103F-16F7-4668-BE54-9A1E7A4F7556}") = "Slip.Api", "src\Services\Slip\Slip.Api\Slip.Api.csproj", "{610DCF5E-3037-45E8-B82E-019A8ED66EB1}"
EndProject
Project("{9A19103F-16F7-4668-BE54-9A1E7A4F7556}") = "Event.Grpc", "src\Services\Event\Event.Grpc\Event.Grpc.csproj", "{799304B3-F998-4FA6-879C-F16316FA1DA9}"
EndProject
Project("{9A19103F-16F7-4668-BE54-9A1E7A4F7556}") = "Shared.Grpc", "src\Shared\Shared.Grpc\Shared.Grpc.csproj", "{0B98808E-AAFB-42DC-A96A-536FE6161D12}"
EndProject
Project("{E53339B2-1760-4266-BCC7-CA923CBCF16C}") = "docker-compose", "docker-compose.dcproj", "{CDEA0ED8-488C-498A-AA56-88D5D1B745F0}"
EndProject
Project("{9A19103F-16F7-4668-BE54-9A1E7A4F7556}") = "Slip.Application", "src\Services\Slip\Slip.Application\Slip.Application.csproj", "{3D17F7F1-BDE6-4384-9F36-3F6934D20FD7}"
EndProject
Project("{9A19103F-16F7-4668-BE54-9A1E7A4F7556}") = "Slip.Core", "src\Services\Slip\Slip.Core\Slip.Core.csproj", "{DA9A1EEC-B70D-466B-B87D-1DD430A87323}"
EndProject
Project("{9A19103F-16F7-4668-BE54-9A1E7A4F7556}") = "Slip.Infrastructure", "src\Services\Slip\Slip.Infrastructure\Slip.Infrastructure.csproj", "{EFF01304-058A-4C1F-9FE5-23A45F58156E}"
EndProject
Project("{FAE04EC0-301F-11D3-BF4B-00C04F79EFBC}") = "Shared.Jwt", "src\Shared\Shared.Jwt\Shared.Jwt.csproj", "{BAABF0D0-CFD1-46DD-AE61-ED18C3F78A60}"
EndProject
Project("{2150E333-8FDC-42A3-9474-1A3956D46DE8}") = "Identity", "Identity", "{442BD37F-4817-4D26-AA14-4E82D3DDF02B}"
EndProject
Project("{FAE04EC0-301F-11D3-BF4B-00C04F79EFBC}") = "Identity.Api", "src\Services\Identity\Identity.Api\Identity.Api.csproj", "{F4036AB4-8AA1-4842-861D-0442CE28C21A}"
EndProject
Project("{FAE04EC0-301F-11D3-BF4B-00C04F79EFBC}") = "Identity.Core", "src\Services\Identity\Identity.Core\Identity.Core.csproj", "{FCBECB5F-5636-48F8-993F-FBFCCB93F620}"
EndProject
Project("{FAE04EC0-301F-11D3-BF4B-00C04F79EFBC}") = "Shared.EFCore", "src\Shared\Shared.EFCore\Shared.EFCore.csproj", "{CB28F846-E55C-4E05-9BA8-EDBABD96FEDF}"
EndProject
Global
	GlobalSection(SolutionConfigurationPlatforms) = preSolution
		Debug|Any CPU = Debug|Any CPU
		Release|Any CPU = Release|Any CPU
	EndGlobalSection
	GlobalSection(ProjectConfigurationPlatforms) = postSolution
		{BD965023-7AA0-40C7-B3BF-565FAD525346}.Debug|Any CPU.ActiveCfg = Debug|Any CPU
		{BD965023-7AA0-40C7-B3BF-565FAD525346}.Debug|Any CPU.Build.0 = Debug|Any CPU
		{BD965023-7AA0-40C7-B3BF-565FAD525346}.Release|Any CPU.ActiveCfg = Release|Any CPU
		{BD965023-7AA0-40C7-B3BF-565FAD525346}.Release|Any CPU.Build.0 = Release|Any CPU
		{A523D379-4B6E-44BC-8BFA-E926091646A7}.Debug|Any CPU.ActiveCfg = Debug|Any CPU
		{A523D379-4B6E-44BC-8BFA-E926091646A7}.Debug|Any CPU.Build.0 = Debug|Any CPU
		{A523D379-4B6E-44BC-8BFA-E926091646A7}.Release|Any CPU.ActiveCfg = Release|Any CPU
		{A523D379-4B6E-44BC-8BFA-E926091646A7}.Release|Any CPU.Build.0 = Release|Any CPU
		{12DBDA34-49FF-40F5-A32B-B9BCB5814DC8}.Debug|Any CPU.ActiveCfg = Debug|Any CPU
		{12DBDA34-49FF-40F5-A32B-B9BCB5814DC8}.Debug|Any CPU.Build.0 = Debug|Any CPU
		{12DBDA34-49FF-40F5-A32B-B9BCB5814DC8}.Release|Any CPU.ActiveCfg = Release|Any CPU
		{12DBDA34-49FF-40F5-A32B-B9BCB5814DC8}.Release|Any CPU.Build.0 = Release|Any CPU
		{E9E57328-EBA8-4796-BAFD-9CD46EF4088D}.Debug|Any CPU.ActiveCfg = Debug|Any CPU
		{E9E57328-EBA8-4796-BAFD-9CD46EF4088D}.Debug|Any CPU.Build.0 = Debug|Any CPU
		{E9E57328-EBA8-4796-BAFD-9CD46EF4088D}.Release|Any CPU.ActiveCfg = Release|Any CPU
		{E9E57328-EBA8-4796-BAFD-9CD46EF4088D}.Release|Any CPU.Build.0 = Release|Any CPU
		{325F0F93-A8BE-4DBD-885D-BED9F3EEC04C}.Debug|Any CPU.ActiveCfg = Debug|Any CPU
		{325F0F93-A8BE-4DBD-885D-BED9F3EEC04C}.Debug|Any CPU.Build.0 = Debug|Any CPU
		{325F0F93-A8BE-4DBD-885D-BED9F3EEC04C}.Release|Any CPU.ActiveCfg = Release|Any CPU
		{325F0F93-A8BE-4DBD-885D-BED9F3EEC04C}.Release|Any CPU.Build.0 = Release|Any CPU
		{46DA9C84-B55D-47FF-A388-C426117EDA7C}.Debug|Any CPU.ActiveCfg = Debug|Any CPU
		{46DA9C84-B55D-47FF-A388-C426117EDA7C}.Debug|Any CPU.Build.0 = Debug|Any CPU
		{46DA9C84-B55D-47FF-A388-C426117EDA7C}.Release|Any CPU.ActiveCfg = Release|Any CPU
		{46DA9C84-B55D-47FF-A388-C426117EDA7C}.Release|Any CPU.Build.0 = Release|Any CPU
		{A6AF4D59-AB1D-4042-B958-8DA36247A146}.Debug|Any CPU.ActiveCfg = Debug|Any CPU
		{A6AF4D59-AB1D-4042-B958-8DA36247A146}.Debug|Any CPU.Build.0 = Debug|Any CPU
		{A6AF4D59-AB1D-4042-B958-8DA36247A146}.Release|Any CPU.ActiveCfg = Release|Any CPU
		{A6AF4D59-AB1D-4042-B958-8DA36247A146}.Release|Any CPU.Build.0 = Release|Any CPU
		{27C80349-1BBD-4640-931D-78EE75F843D7}.Debug|Any CPU.ActiveCfg = Debug|Any CPU
		{27C80349-1BBD-4640-931D-78EE75F843D7}.Debug|Any CPU.Build.0 = Debug|Any CPU
		{27C80349-1BBD-4640-931D-78EE75F843D7}.Release|Any CPU.ActiveCfg = Release|Any CPU
		{27C80349-1BBD-4640-931D-78EE75F843D7}.Release|Any CPU.Build.0 = Release|Any CPU
		{899EF158-A39B-4037-9ABB-8C8493026143}.Debug|Any CPU.ActiveCfg = Debug|Any CPU
		{899EF158-A39B-4037-9ABB-8C8493026143}.Debug|Any CPU.Build.0 = Debug|Any CPU
		{899EF158-A39B-4037-9ABB-8C8493026143}.Release|Any CPU.ActiveCfg = Release|Any CPU
		{899EF158-A39B-4037-9ABB-8C8493026143}.Release|Any CPU.Build.0 = Release|Any CPU
		{003A10A1-E770-46B9-83C3-8E21E702C698}.Debug|Any CPU.ActiveCfg = Debug|Any CPU
		{003A10A1-E770-46B9-83C3-8E21E702C698}.Debug|Any CPU.Build.0 = Debug|Any CPU
		{003A10A1-E770-46B9-83C3-8E21E702C698}.Release|Any CPU.ActiveCfg = Release|Any CPU
		{003A10A1-E770-46B9-83C3-8E21E702C698}.Release|Any CPU.Build.0 = Release|Any CPU
		{2157EA2A-6346-4CA4-86BF-12A743B8B1C6}.Debug|Any CPU.ActiveCfg = Debug|Any CPU
		{2157EA2A-6346-4CA4-86BF-12A743B8B1C6}.Debug|Any CPU.Build.0 = Debug|Any CPU
		{2157EA2A-6346-4CA4-86BF-12A743B8B1C6}.Release|Any CPU.ActiveCfg = Release|Any CPU
		{2157EA2A-6346-4CA4-86BF-12A743B8B1C6}.Release|Any CPU.Build.0 = Release|Any CPU
		{18B21CD8-3BF8-4E22-8387-C1CD800F7990}.Debug|Any CPU.ActiveCfg = Debug|Any CPU
		{18B21CD8-3BF8-4E22-8387-C1CD800F7990}.Debug|Any CPU.Build.0 = Debug|Any CPU
		{18B21CD8-3BF8-4E22-8387-C1CD800F7990}.Release|Any CPU.ActiveCfg = Release|Any CPU
		{18B21CD8-3BF8-4E22-8387-C1CD800F7990}.Release|Any CPU.Build.0 = Release|Any CPU
		{399FFF2B-6C61-4E17-9C99-4692F40304AF}.Debug|Any CPU.ActiveCfg = Debug|Any CPU
		{399FFF2B-6C61-4E17-9C99-4692F40304AF}.Debug|Any CPU.Build.0 = Debug|Any CPU
		{399FFF2B-6C61-4E17-9C99-4692F40304AF}.Release|Any CPU.ActiveCfg = Release|Any CPU
		{399FFF2B-6C61-4E17-9C99-4692F40304AF}.Release|Any CPU.Build.0 = Release|Any CPU
		{D85AA6D0-BDD3-426C-B9EA-FAADF7702CD5}.Debug|Any CPU.ActiveCfg = Debug|Any CPU
		{D85AA6D0-BDD3-426C-B9EA-FAADF7702CD5}.Debug|Any CPU.Build.0 = Debug|Any CPU
		{D85AA6D0-BDD3-426C-B9EA-FAADF7702CD5}.Release|Any CPU.ActiveCfg = Release|Any CPU
		{D85AA6D0-BDD3-426C-B9EA-FAADF7702CD5}.Release|Any CPU.Build.0 = Release|Any CPU
		{8CB974BB-FC3D-4614-9907-21A50003F9E7}.Debug|Any CPU.ActiveCfg = Debug|Any CPU
		{8CB974BB-FC3D-4614-9907-21A50003F9E7}.Debug|Any CPU.Build.0 = Debug|Any CPU
		{8CB974BB-FC3D-4614-9907-21A50003F9E7}.Release|Any CPU.ActiveCfg = Release|Any CPU
		{8CB974BB-FC3D-4614-9907-21A50003F9E7}.Release|Any CPU.Build.0 = Release|Any CPU
		{A0E77E63-7FF6-4A29-B477-6F12D40C131E}.Debug|Any CPU.ActiveCfg = Debug|Any CPU
		{A0E77E63-7FF6-4A29-B477-6F12D40C131E}.Debug|Any CPU.Build.0 = Debug|Any CPU
		{A0E77E63-7FF6-4A29-B477-6F12D40C131E}.Release|Any CPU.ActiveCfg = Release|Any CPU
		{A0E77E63-7FF6-4A29-B477-6F12D40C131E}.Release|Any CPU.Build.0 = Release|Any CPU
		{B3CD0221-A585-4525-9771-A73F8960FB35}.Debug|Any CPU.ActiveCfg = Debug|Any CPU
		{B3CD0221-A585-4525-9771-A73F8960FB35}.Debug|Any CPU.Build.0 = Debug|Any CPU
		{B3CD0221-A585-4525-9771-A73F8960FB35}.Release|Any CPU.ActiveCfg = Release|Any CPU
		{B3CD0221-A585-4525-9771-A73F8960FB35}.Release|Any CPU.Build.0 = Release|Any CPU
		{10960A94-8336-49D1-B049-497258C07740}.Debug|Any CPU.ActiveCfg = Debug|Any CPU
		{10960A94-8336-49D1-B049-497258C07740}.Debug|Any CPU.Build.0 = Debug|Any CPU
		{10960A94-8336-49D1-B049-497258C07740}.Release|Any CPU.ActiveCfg = Release|Any CPU
		{10960A94-8336-49D1-B049-497258C07740}.Release|Any CPU.Build.0 = Release|Any CPU
		{8FCF8975-295B-47A8-B5C5-C5742F35016A}.Debug|Any CPU.ActiveCfg = Debug|Any CPU
		{8FCF8975-295B-47A8-B5C5-C5742F35016A}.Debug|Any CPU.Build.0 = Debug|Any CPU
		{8FCF8975-295B-47A8-B5C5-C5742F35016A}.Release|Any CPU.ActiveCfg = Release|Any CPU
		{8FCF8975-295B-47A8-B5C5-C5742F35016A}.Release|Any CPU.Build.0 = Release|Any CPU
		{44603D45-F21E-4A4E-8B78-6B538719C702}.Debug|Any CPU.ActiveCfg = Debug|Any CPU
		{44603D45-F21E-4A4E-8B78-6B538719C702}.Debug|Any CPU.Build.0 = Debug|Any CPU
		{44603D45-F21E-4A4E-8B78-6B538719C702}.Release|Any CPU.ActiveCfg = Release|Any CPU
		{44603D45-F21E-4A4E-8B78-6B538719C702}.Release|Any CPU.Build.0 = Release|Any CPU
		{610DCF5E-3037-45E8-B82E-019A8ED66EB1}.Debug|Any CPU.ActiveCfg = Debug|Any CPU
		{610DCF5E-3037-45E8-B82E-019A8ED66EB1}.Debug|Any CPU.Build.0 = Debug|Any CPU
		{610DCF5E-3037-45E8-B82E-019A8ED66EB1}.Release|Any CPU.ActiveCfg = Release|Any CPU
		{610DCF5E-3037-45E8-B82E-019A8ED66EB1}.Release|Any CPU.Build.0 = Release|Any CPU
		{799304B3-F998-4FA6-879C-F16316FA1DA9}.Debug|Any CPU.ActiveCfg = Debug|Any CPU
		{799304B3-F998-4FA6-879C-F16316FA1DA9}.Debug|Any CPU.Build.0 = Debug|Any CPU
		{799304B3-F998-4FA6-879C-F16316FA1DA9}.Release|Any CPU.ActiveCfg = Release|Any CPU
		{799304B3-F998-4FA6-879C-F16316FA1DA9}.Release|Any CPU.Build.0 = Release|Any CPU
		{0B98808E-AAFB-42DC-A96A-536FE6161D12}.Debug|Any CPU.ActiveCfg = Debug|Any CPU
		{0B98808E-AAFB-42DC-A96A-536FE6161D12}.Debug|Any CPU.Build.0 = Debug|Any CPU
		{0B98808E-AAFB-42DC-A96A-536FE6161D12}.Release|Any CPU.ActiveCfg = Release|Any CPU
		{0B98808E-AAFB-42DC-A96A-536FE6161D12}.Release|Any CPU.Build.0 = Release|Any CPU
		{CDEA0ED8-488C-498A-AA56-88D5D1B745F0}.Debug|Any CPU.ActiveCfg = Debug|Any CPU
		{CDEA0ED8-488C-498A-AA56-88D5D1B745F0}.Debug|Any CPU.Build.0 = Debug|Any CPU
		{CDEA0ED8-488C-498A-AA56-88D5D1B745F0}.Release|Any CPU.ActiveCfg = Release|Any CPU
		{CDEA0ED8-488C-498A-AA56-88D5D1B745F0}.Release|Any CPU.Build.0 = Release|Any CPU
		{3D17F7F1-BDE6-4384-9F36-3F6934D20FD7}.Debug|Any CPU.ActiveCfg = Debug|Any CPU
		{3D17F7F1-BDE6-4384-9F36-3F6934D20FD7}.Debug|Any CPU.Build.0 = Debug|Any CPU
		{3D17F7F1-BDE6-4384-9F36-3F6934D20FD7}.Release|Any CPU.ActiveCfg = Release|Any CPU
		{3D17F7F1-BDE6-4384-9F36-3F6934D20FD7}.Release|Any CPU.Build.0 = Release|Any CPU
		{DA9A1EEC-B70D-466B-B87D-1DD430A87323}.Debug|Any CPU.ActiveCfg = Debug|Any CPU
		{DA9A1EEC-B70D-466B-B87D-1DD430A87323}.Debug|Any CPU.Build.0 = Debug|Any CPU
		{DA9A1EEC-B70D-466B-B87D-1DD430A87323}.Release|Any CPU.ActiveCfg = Release|Any CPU
		{DA9A1EEC-B70D-466B-B87D-1DD430A87323}.Release|Any CPU.Build.0 = Release|Any CPU
		{EFF01304-058A-4C1F-9FE5-23A45F58156E}.Debug|Any CPU.ActiveCfg = Debug|Any CPU
		{EFF01304-058A-4C1F-9FE5-23A45F58156E}.Debug|Any CPU.Build.0 = Debug|Any CPU
		{EFF01304-058A-4C1F-9FE5-23A45F58156E}.Release|Any CPU.ActiveCfg = Release|Any CPU
		{EFF01304-058A-4C1F-9FE5-23A45F58156E}.Release|Any CPU.Build.0 = Release|Any CPU
		{BAABF0D0-CFD1-46DD-AE61-ED18C3F78A60}.Debug|Any CPU.ActiveCfg = Debug|Any CPU
		{BAABF0D0-CFD1-46DD-AE61-ED18C3F78A60}.Debug|Any CPU.Build.0 = Debug|Any CPU
		{BAABF0D0-CFD1-46DD-AE61-ED18C3F78A60}.Release|Any CPU.ActiveCfg = Release|Any CPU
		{BAABF0D0-CFD1-46DD-AE61-ED18C3F78A60}.Release|Any CPU.Build.0 = Release|Any CPU
		{F4036AB4-8AA1-4842-861D-0442CE28C21A}.Debug|Any CPU.ActiveCfg = Debug|Any CPU
		{F4036AB4-8AA1-4842-861D-0442CE28C21A}.Debug|Any CPU.Build.0 = Debug|Any CPU
		{F4036AB4-8AA1-4842-861D-0442CE28C21A}.Release|Any CPU.ActiveCfg = Release|Any CPU
		{F4036AB4-8AA1-4842-861D-0442CE28C21A}.Release|Any CPU.Build.0 = Release|Any CPU
		{FCBECB5F-5636-48F8-993F-FBFCCB93F620}.Debug|Any CPU.ActiveCfg = Debug|Any CPU
		{FCBECB5F-5636-48F8-993F-FBFCCB93F620}.Debug|Any CPU.Build.0 = Debug|Any CPU
		{FCBECB5F-5636-48F8-993F-FBFCCB93F620}.Release|Any CPU.ActiveCfg = Release|Any CPU
		{FCBECB5F-5636-48F8-993F-FBFCCB93F620}.Release|Any CPU.Build.0 = Release|Any CPU
		{CB28F846-E55C-4E05-9BA8-EDBABD96FEDF}.Debug|Any CPU.ActiveCfg = Debug|Any CPU
		{CB28F846-E55C-4E05-9BA8-EDBABD96FEDF}.Debug|Any CPU.Build.0 = Debug|Any CPU
		{CB28F846-E55C-4E05-9BA8-EDBABD96FEDF}.Release|Any CPU.ActiveCfg = Release|Any CPU
		{CB28F846-E55C-4E05-9BA8-EDBABD96FEDF}.Release|Any CPU.Build.0 = Release|Any CPU
	EndGlobalSection
	GlobalSection(SolutionProperties) = preSolution
		HideSolutionNode = FALSE
	EndGlobalSection
	GlobalSection(NestedProjects) = preSolution
		{FE1C2334-17CC-475F-83A8-E9A6EFFE8F19} = {F88AA77B-9865-47A5-AAA4-1FC774C4B661}
		{BD965023-7AA0-40C7-B3BF-565FAD525346} = {FE1C2334-17CC-475F-83A8-E9A6EFFE8F19}
		{A523D379-4B6E-44BC-8BFA-E926091646A7} = {FE1C2334-17CC-475F-83A8-E9A6EFFE8F19}
		{12DBDA34-49FF-40F5-A32B-B9BCB5814DC8} = {FE1C2334-17CC-475F-83A8-E9A6EFFE8F19}
		{E9E57328-EBA8-4796-BAFD-9CD46EF4088D} = {FE1C2334-17CC-475F-83A8-E9A6EFFE8F19}
		{31F6434B-386A-4AF5-8EE2-9C101A11D624} = {F88AA77B-9865-47A5-AAA4-1FC774C4B661}
		{325F0F93-A8BE-4DBD-885D-BED9F3EEC04C} = {FE1C2334-17CC-475F-83A8-E9A6EFFE8F19}
		{46DA9C84-B55D-47FF-A388-C426117EDA7C} = {FE1C2334-17CC-475F-83A8-E9A6EFFE8F19}
		{A6AF4D59-AB1D-4042-B958-8DA36247A146} = {8047CBC9-9A37-401B-9418-61BD025E46B3}
		{27C80349-1BBD-4640-931D-78EE75F843D7} = {FE1C2334-17CC-475F-83A8-E9A6EFFE8F19}
		{899EF158-A39B-4037-9ABB-8C8493026143} = {FE1C2334-17CC-475F-83A8-E9A6EFFE8F19}
		{003A10A1-E770-46B9-83C3-8E21E702C698} = {FE1C2334-17CC-475F-83A8-E9A6EFFE8F19}
		{2157EA2A-6346-4CA4-86BF-12A743B8B1C6} = {FE1C2334-17CC-475F-83A8-E9A6EFFE8F19}
		{18B21CD8-3BF8-4E22-8387-C1CD800F7990} = {FE1C2334-17CC-475F-83A8-E9A6EFFE8F19}
		{399FFF2B-6C61-4E17-9C99-4692F40304AF} = {8047CBC9-9A37-401B-9418-61BD025E46B3}
		{D85AA6D0-BDD3-426C-B9EA-FAADF7702CD5} = {8047CBC9-9A37-401B-9418-61BD025E46B3}
		{8CB974BB-FC3D-4614-9907-21A50003F9E7} = {8047CBC9-9A37-401B-9418-61BD025E46B3}
		{8047CBC9-9A37-401B-9418-61BD025E46B3} = {31F6434B-386A-4AF5-8EE2-9C101A11D624}
		{A0E77E63-7FF6-4A29-B477-6F12D40C131E} = {FE1C2334-17CC-475F-83A8-E9A6EFFE8F19}
		{B3CD0221-A585-4525-9771-A73F8960FB35} = {FE1C2334-17CC-475F-83A8-E9A6EFFE8F19}
		{10960A94-8336-49D1-B049-497258C07740} = {FE1C2334-17CC-475F-83A8-E9A6EFFE8F19}
		{44DB2CC8-63F8-4B06-B679-979078D281F7} = {31F6434B-386A-4AF5-8EE2-9C101A11D624}
		{8FCF8975-295B-47A8-B5C5-C5742F35016A} = {44DB2CC8-63F8-4B06-B679-979078D281F7}
		{5658761F-F05D-4A39-A36A-83476CFC50DA} = {3FB6E6A3-1BEC-4083-8454-42F7E67DCD1E}
		{7BF80323-DAEE-492B-AC79-2ABB6E08887E} = {5658761F-F05D-4A39-A36A-83476CFC50DA}
		{44603D45-F21E-4A4E-8B78-6B538719C702} = {7BF80323-DAEE-492B-AC79-2ABB6E08887E}
		{BA339C5E-7069-4E93-A1DD-6D0439B37733} = {31F6434B-386A-4AF5-8EE2-9C101A11D624}
		{610DCF5E-3037-45E8-B82E-019A8ED66EB1} = {BA339C5E-7069-4E93-A1DD-6D0439B37733}
		{799304B3-F998-4FA6-879C-F16316FA1DA9} = {8047CBC9-9A37-401B-9418-61BD025E46B3}
		{0B98808E-AAFB-42DC-A96A-536FE6161D12} = {FE1C2334-17CC-475F-83A8-E9A6EFFE8F19}
		{3D17F7F1-BDE6-4384-9F36-3F6934D20FD7} = {BA339C5E-7069-4E93-A1DD-6D0439B37733}
		{DA9A1EEC-B70D-466B-B87D-1DD430A87323} = {BA339C5E-7069-4E93-A1DD-6D0439B37733}
		{EFF01304-058A-4C1F-9FE5-23A45F58156E} = {BA339C5E-7069-4E93-A1DD-6D0439B37733}
		{BAABF0D0-CFD1-46DD-AE61-ED18C3F78A60} = {FE1C2334-17CC-475F-83A8-E9A6EFFE8F19}
		{442BD37F-4817-4D26-AA14-4E82D3DDF02B} = {31F6434B-386A-4AF5-8EE2-9C101A11D624}
		{F4036AB4-8AA1-4842-861D-0442CE28C21A} = {442BD37F-4817-4D26-AA14-4E82D3DDF02B}
		{FCBECB5F-5636-48F8-993F-FBFCCB93F620} = {442BD37F-4817-4D26-AA14-4E82D3DDF02B}
		{CB28F846-E55C-4E05-9BA8-EDBABD96FEDF} = {FE1C2334-17CC-475F-83A8-E9A6EFFE8F19}
	EndGlobalSection
	GlobalSection(ExtensibilityGlobals) = postSolution
		SolutionGuid = {384772CF-3EA1-4FC3-86F3-DD05F09DF698}
	EndGlobalSection
EndGlobal
