
Microsoft Visual Studio Solution File, Format Version 12.00
Project("{2150E333-8FDC-42A3-9474-1A3956D46DE8}") = "Shared", "Shared", "{FE1C2334-17CC-475F-83A8-E9A6EFFE8F19}"
EndProject
Project("{FAE04EC0-301F-11D3-BF4B-00C04F79EFBC}") = "Shared.Web", "Shared\Shared.Web\Shared.Web.csproj", "{BD965023-7AA0-40C7-B3BF-565FAD525346}"
EndProject
Project("{FAE04EC0-301F-11D3-BF4B-00C04F79EFBC}") = "Shared.Types", "Shared\Shared.Types\Shared.Types.csproj", "{A523D379-4B6E-44BC-8BFA-E926091646A7}"
EndProject
Project("{FAE04EC0-301F-11D3-BF4B-00C04F79EFBC}") = "Shared.Mongo", "Shared\Shared.Mongo\Shared.Mongo.csproj", "{12DBDA34-49FF-40F5-A32B-B9BCB5814DC8}"
EndProject
Project("{FAE04EC0-301F-11D3-BF4B-00C04F79EFBC}") = "Shared.Common", "Shared\Shared.Common\Shared.Common.csproj", "{E9E57328-EBA8-4796-BAFD-9CD46EF4088D}"
EndProject
Project("{2150E333-8FDC-42A3-9474-1A3956D46DE8}") = "Services", "Services", "{31F6434B-386A-4AF5-8EE2-9C101A11D624}"
EndProject
Project("{FAE04EC0-301F-11D3-BF4B-00C04F79EFBC}") = "Event.Core", "Services\Event\Event.Core\Event.Core.csproj", "{501B8AD3-1D0F-4F7E-A3E8-4471DF01105A}"
EndProject
Project("{FAE04EC0-301F-11D3-BF4B-00C04F79EFBC}") = "Event.Application", "Services\Event\Event.Application\Event.Application.csproj", "{A74E6602-CB70-471A-B0EE-2D8D590D53B9}"
EndProject
Project("{FAE04EC0-301F-11D3-BF4B-00C04F79EFBC}") = "Event.Infrastructure", "Services\Event\Event.Infrastructure\Event.Infrastructure.csproj", "{8115D10A-E9E1-4F82-83FB-6F9F20CBE268}"
EndProject
Project("{FAE04EC0-301F-11D3-BF4B-00C04F79EFBC}") = "Shared.Cqrs", "Shared\Shared.Cqrs\Shared.Cqrs.csproj", "{325F0F93-A8BE-4DBD-885D-BED9F3EEC04C}"
EndProject
Project("{FAE04EC0-301F-11D3-BF4B-00C04F79EFBC}") = "Shared.Logging", "Shared\Shared.Logging\Shared.Logging.csproj", "{46DA9C84-B55D-47FF-A388-C426117EDA7C}"
EndProject
Project("{FAE04EC0-301F-11D3-BF4B-00C04F79EFBC}") = "Event.Api", "Services\Event\Event.Api\Event.Api.csproj", "{A6AF4D59-AB1D-4042-B958-8DA36247A146}"
EndProject
Project("{FAE04EC0-301F-11D3-BF4B-00C04F79EFBC}") = "Shared.Domain", "Shared\Shared.Domain\Shared.Domain.csproj", "{27C80349-1BBD-4640-931D-78EE75F843D7}"
EndProject
Project("{FAE04EC0-301F-11D3-BF4B-00C04F79EFBC}") = "Shared.IdGenerator", "Shared\Shared.IdGenerator\Shared.IdGenerator.csproj", "{899EF158-A39B-4037-9ABB-8C8493026143}"
EndProject
Global
	GlobalSection(SolutionConfigurationPlatforms) = preSolution
		Debug|Any CPU = Debug|Any CPU
		Release|Any CPU = Release|Any CPU
	EndGlobalSection
	GlobalSection(NestedProjects) = preSolution
		{BD965023-7AA0-40C7-B3BF-565FAD525346} = {FE1C2334-17CC-475F-83A8-E9A6EFFE8F19}
		{A523D379-4B6E-44BC-8BFA-E926091646A7} = {FE1C2334-17CC-475F-83A8-E9A6EFFE8F19}
		{12DBDA34-49FF-40F5-A32B-B9BCB5814DC8} = {FE1C2334-17CC-475F-83A8-E9A6EFFE8F19}
		{E9E57328-EBA8-4796-BAFD-9CD46EF4088D} = {FE1C2334-17CC-475F-83A8-E9A6EFFE8F19}
		{501B8AD3-1D0F-4F7E-A3E8-4471DF01105A} = {31F6434B-386A-4AF5-8EE2-9C101A11D624}
		{A74E6602-CB70-471A-B0EE-2D8D590D53B9} = {31F6434B-386A-4AF5-8EE2-9C101A11D624}
		{8115D10A-E9E1-4F82-83FB-6F9F20CBE268} = {31F6434B-386A-4AF5-8EE2-9C101A11D624}
		{325F0F93-A8BE-4DBD-885D-BED9F3EEC04C} = {FE1C2334-17CC-475F-83A8-E9A6EFFE8F19}
		{46DA9C84-B55D-47FF-A388-C426117EDA7C} = {FE1C2334-17CC-475F-83A8-E9A6EFFE8F19}
		{A6AF4D59-AB1D-4042-B958-8DA36247A146} = {31F6434B-386A-4AF5-8EE2-9C101A11D624}
		{27C80349-1BBD-4640-931D-78EE75F843D7} = {FE1C2334-17CC-475F-83A8-E9A6EFFE8F19}
		{899EF158-A39B-4037-9ABB-8C8493026143} = {FE1C2334-17CC-475F-83A8-E9A6EFFE8F19}
	EndGlobalSection
	GlobalSection(ProjectConfigurationPlatforms) = postSolution
		{BD965023-7AA0-40C7-B3BF-565FAD525346}.Debug|Any CPU.ActiveCfg = Debug|Any CPU
		{BD965023-7AA0-40C7-B3BF-565FAD525346}.Debug|Any CPU.Build.0 = Debug|Any CPU
		{BD965023-7AA0-40C7-B3BF-565FAD525346}.Release|Any CPU.ActiveCfg = Release|Any CPU
		{BD965023-7AA0-40C7-B3BF-565FAD525346}.Release|Any CPU.Build.0 = Release|Any CPU
		{A523D379-4B6E-44BC-8BFA-E926091646A7}.Debug|Any CPU.ActiveCfg = Debug|Any CPU
		{A523D379-4B6E-44BC-8BFA-E926091646A7}.Debug|Any CPU.Build.0 = Debug|Any CPU
		{A523D379-4B6E-44BC-8BFA-E926091646A7}.Release|Any CPU.ActiveCfg = Release|Any CPU
		{A523D379-4B6E-44BC-8BFA-E926091646A7}.Release|Any CPU.Build.0 = Release|Any CPU
		{12DBDA34-49FF-40F5-A32B-B9BCB5814DC8}.Debug|Any CPU.ActiveCfg = Debug|Any CPU
		{12DBDA34-49FF-40F5-A32B-B9BCB5814DC8}.Debug|Any CPU.Build.0 = Debug|Any CPU
		{12DBDA34-49FF-40F5-A32B-B9BCB5814DC8}.Release|Any CPU.ActiveCfg = Release|Any CPU
		{12DBDA34-49FF-40F5-A32B-B9BCB5814DC8}.Release|Any CPU.Build.0 = Release|Any CPU
		{E9E57328-EBA8-4796-BAFD-9CD46EF4088D}.Debug|Any CPU.ActiveCfg = Debug|Any CPU
		{E9E57328-EBA8-4796-BAFD-9CD46EF4088D}.Debug|Any CPU.Build.0 = Debug|Any CPU
		{E9E57328-EBA8-4796-BAFD-9CD46EF4088D}.Release|Any CPU.ActiveCfg = Release|Any CPU
		{E9E57328-EBA8-4796-BAFD-9CD46EF4088D}.Release|Any CPU.Build.0 = Release|Any CPU
		{501B8AD3-1D0F-4F7E-A3E8-4471DF01105A}.Debug|Any CPU.ActiveCfg = Debug|Any CPU
		{501B8AD3-1D0F-4F7E-A3E8-4471DF01105A}.Debug|Any CPU.Build.0 = Debug|Any CPU
		{501B8AD3-1D0F-4F7E-A3E8-4471DF01105A}.Release|Any CPU.ActiveCfg = Release|Any CPU
		{501B8AD3-1D0F-4F7E-A3E8-4471DF01105A}.Release|Any CPU.Build.0 = Release|Any CPU
		{A74E6602-CB70-471A-B0EE-2D8D590D53B9}.Debug|Any CPU.ActiveCfg = Debug|Any CPU
		{A74E6602-CB70-471A-B0EE-2D8D590D53B9}.Debug|Any CPU.Build.0 = Debug|Any CPU
		{A74E6602-CB70-471A-B0EE-2D8D590D53B9}.Release|Any CPU.ActiveCfg = Release|Any CPU
		{A74E6602-CB70-471A-B0EE-2D8D590D53B9}.Release|Any CPU.Build.0 = Release|Any CPU
		{8115D10A-E9E1-4F82-83FB-6F9F20CBE268}.Debug|Any CPU.ActiveCfg = Debug|Any CPU
		{8115D10A-E9E1-4F82-83FB-6F9F20CBE268}.Debug|Any CPU.Build.0 = Debug|Any CPU
		{8115D10A-E9E1-4F82-83FB-6F9F20CBE268}.Release|Any CPU.ActiveCfg = Release|Any CPU
		{8115D10A-E9E1-4F82-83FB-6F9F20CBE268}.Release|Any CPU.Build.0 = Release|Any CPU
		{325F0F93-A8BE-4DBD-885D-BED9F3EEC04C}.Debug|Any CPU.ActiveCfg = Debug|Any CPU
		{325F0F93-A8BE-4DBD-885D-BED9F3EEC04C}.Debug|Any CPU.Build.0 = Debug|Any CPU
		{325F0F93-A8BE-4DBD-885D-BED9F3EEC04C}.Release|Any CPU.ActiveCfg = Release|Any CPU
		{325F0F93-A8BE-4DBD-885D-BED9F3EEC04C}.Release|Any CPU.Build.0 = Release|Any CPU
		{46DA9C84-B55D-47FF-A388-C426117EDA7C}.Debug|Any CPU.ActiveCfg = Debug|Any CPU
		{46DA9C84-B55D-47FF-A388-C426117EDA7C}.Debug|Any CPU.Build.0 = Debug|Any CPU
		{46DA9C84-B55D-47FF-A388-C426117EDA7C}.Release|Any CPU.ActiveCfg = Release|Any CPU
		{46DA9C84-B55D-47FF-A388-C426117EDA7C}.Release|Any CPU.Build.0 = Release|Any CPU
		{A6AF4D59-AB1D-4042-B958-8DA36247A146}.Debug|Any CPU.ActiveCfg = Debug|Any CPU
		{A6AF4D59-AB1D-4042-B958-8DA36247A146}.Debug|Any CPU.Build.0 = Debug|Any CPU
		{A6AF4D59-AB1D-4042-B958-8DA36247A146}.Release|Any CPU.ActiveCfg = Release|Any CPU
		{A6AF4D59-AB1D-4042-B958-8DA36247A146}.Release|Any CPU.Build.0 = Release|Any CPU
		{27C80349-1BBD-4640-931D-78EE75F843D7}.Debug|Any CPU.ActiveCfg = Debug|Any CPU
		{27C80349-1BBD-4640-931D-78EE75F843D7}.Debug|Any CPU.Build.0 = Debug|Any CPU
		{27C80349-1BBD-4640-931D-78EE75F843D7}.Release|Any CPU.ActiveCfg = Release|Any CPU
		{27C80349-1BBD-4640-931D-78EE75F843D7}.Release|Any CPU.Build.0 = Release|Any CPU
		{899EF158-A39B-4037-9ABB-8C8493026143}.Debug|Any CPU.ActiveCfg = Debug|Any CPU
		{899EF158-A39B-4037-9ABB-8C8493026143}.Debug|Any CPU.Build.0 = Debug|Any CPU
		{899EF158-A39B-4037-9ABB-8C8493026143}.Release|Any CPU.ActiveCfg = Release|Any CPU
		{899EF158-A39B-4037-9ABB-8C8493026143}.Release|Any CPU.Build.0 = Release|Any CPU
	EndGlobalSection
EndGlobal
