
Microsoft Visual Studio Solution File, Format Version 12.00
Project("{2150E333-8FDC-42A3-9474-1A3956D46DE8}") = "Shared", "Shared", "{FE1C2334-17CC-475F-83A8-E9A6EFFE8F19}"
EndProject
Project("{FAE04EC0-301F-11D3-BF4B-00C04F79EFBC}") = "Shared.Web", "Shared\Shared.Web\Shared.Web.csproj", "{BD965023-7AA0-40C7-B3BF-565FAD525346}"
EndProject
Project("{FAE04EC0-301F-11D3-BF4B-00C04F79EFBC}") = "Shared.Types", "Shared\Shared.Types\Shared.Types.csproj", "{A523D379-4B6E-44BC-8BFA-E926091646A7}"
EndProject
Project("{FAE04EC0-301F-11D3-BF4B-00C04F79EFBC}") = "Shared.Mongo", "Shared\Shared.Mongo\Shared.Mongo.csproj", "{12DBDA34-49FF-40F5-A32B-B9BCB5814DC8}"
EndProject
Project("{FAE04EC0-301F-11D3-BF4B-00C04F79EFBC}") = "Shared.Common", "Shared\Shared.Common\Shared.Common.csproj", "{E9E57328-EBA8-4796-BAFD-9CD46EF4088D}"
EndProject
Project("{2150E333-8FDC-42A3-9474-1A3956D46DE8}") = "Services", "Services", "{31F6434B-386A-4AF5-8EE2-9C101A11D624}"
EndProject
Project("{FAE04EC0-301F-11D3-BF4B-00C04F79EFBC}") = "Shared.Cqrs", "Shared\Shared.Cqrs\Shared.Cqrs.csproj", "{325F0F93-A8BE-4DBD-885D-BED9F3EEC04C}"
EndProject
Project("{FAE04EC0-301F-11D3-BF4B-00C04F79EFBC}") = "Shared.Logging", "Shared\Shared.Logging\Shared.Logging.csproj", "{46DA9C84-B55D-47FF-A388-C426117EDA7C}"
EndProject
Project("{FAE04EC0-301F-11D3-BF4B-00C04F79EFBC}") = "Event.Api", "Services\Event\Event.Api\Event.Api.csproj", "{A6AF4D59-AB1D-4042-B958-8DA36247A146}"
EndProject
Project("{FAE04EC0-301F-11D3-BF4B-00C04F79EFBC}") = "Shared.Domain", "Shared\Shared.Domain\Shared.Domain.csproj", "{27C80349-1BBD-4640-931D-78EE75F843D7}"
EndProject
Project("{FAE04EC0-301F-11D3-BF4B-00C04F79EFBC}") = "Shared.IdGenerator", "Shared\Shared.IdGenerator\Shared.IdGenerator.csproj", "{899EF158-A39B-4037-9ABB-8C8493026143}"
EndProject
Project("{FAE04EC0-301F-11D3-BF4B-00C04F79EFBC}") = "Shared.RabbitMq", "Shared\Shared.RabbitMq\Shared.RabbitMq.csproj", "{003A10A1-E770-46B9-83C3-8E21E702C698}"
EndProject
Project("{FAE04EC0-301F-11D3-BF4B-00C04F79EFBC}") = "Shared.MessageBroker", "Shared\Shared.MessageBroker\Shared.MessageBroker.csproj", "{2157EA2A-6346-4CA4-86BF-12A743B8B1C6}"
EndProject
Project("{2150E333-8FDC-42A3-9474-1A3956D46DE8}") = "Deployments", "Deployments", "{E749287A-2C6A-4B8A-9C86-1F81C182A7C8}"
EndProject
Project("{2150E333-8FDC-42A3-9474-1A3956D46DE8}") = "docker-compose", "docker-compose", "{FAFB232F-EB29-4104-8427-2078A968A4C8}"
	ProjectSection(SolutionItems) = preProject
		Deployments\docker-compose\infrastructure.yml = Deployments\docker-compose\infrastructure.yml
	EndProjectSection
EndProject
Project("{FAE04EC0-301F-11D3-BF4B-00C04F79EFBC}") = "Shared.Swagger", "Shared\Shared.Swagger\Shared.Swagger.csproj", "{18B21CD8-3BF8-4E22-8387-C1CD800F7990}"
EndProject
Project("{FAE04EC0-301F-11D3-BF4B-00C04F79EFBC}") = "Event.Core", "Services\Event\Event.Core\Event.Core.csproj", "{399FFF2B-6C61-4E17-9C99-4692F40304AF}"
EndProject
Project("{FAE04EC0-301F-11D3-BF4B-00C04F79EFBC}") = "Event.Application", "Services\Event\Event.Application\Event.Application.csproj", "{D85AA6D0-BDD3-426C-B9EA-FAADF7702CD5}"
EndProject
Project("{FAE04EC0-301F-11D3-BF4B-00C04F79EFBC}") = "Event.Infrastructure", "Services\Event\Event.Infrastructure\Event.Infrastructure.csproj", "{8CB974BB-FC3D-4614-9907-21A50003F9E7}"
EndProject
Global
	GlobalSection(SolutionConfigurationPlatforms) = preSolution
		Debug|Any CPU = Debug|Any CPU
		Release|Any CPU = Release|Any CPU
	EndGlobalSection
	GlobalSection(NestedProjects) = preSolution
		{BD965023-7AA0-40C7-B3BF-565FAD525346} = {FE1C2334-17CC-475F-83A8-E9A6EFFE8F19}
		{A523D379-4B6E-44BC-8BFA-E926091646A7} = {FE1C2334-17CC-475F-83A8-E9A6EFFE8F19}
		{12DBDA34-49FF-40F5-A32B-B9BCB5814DC8} = {FE1C2334-17CC-475F-83A8-E9A6EFFE8F19}
		{E9E57328-EBA8-4796-BAFD-9CD46EF4088D} = {FE1C2334-17CC-475F-83A8-E9A6EFFE8F19}
		{325F0F93-A8BE-4DBD-885D-BED9F3EEC04C} = {FE1C2334-17CC-475F-83A8-E9A6EFFE8F19}
		{46DA9C84-B55D-47FF-A388-C426117EDA7C} = {FE1C2334-17CC-475F-83A8-E9A6EFFE8F19}
		{A6AF4D59-AB1D-4042-B958-8DA36247A146} = {31F6434B-386A-4AF5-8EE2-9C101A11D624}
		{27C80349-1BBD-4640-931D-78EE75F843D7} = {FE1C2334-17CC-475F-83A8-E9A6EFFE8F19}
		{899EF158-A39B-4037-9ABB-8C8493026143} = {FE1C2334-17CC-475F-83A8-E9A6EFFE8F19}
		{003A10A1-E770-46B9-83C3-8E21E702C698} = {FE1C2334-17CC-475F-83A8-E9A6EFFE8F19}
		{2157EA2A-6346-4CA4-86BF-12A743B8B1C6} = {FE1C2334-17CC-475F-83A8-E9A6EFFE8F19}
		{FAFB232F-EB29-4104-8427-2078A968A4C8} = {E749287A-2C6A-4B8A-9C86-1F81C182A7C8}
		{18B21CD8-3BF8-4E22-8387-C1CD800F7990} = {FE1C2334-17CC-475F-83A8-E9A6EFFE8F19}
		{399FFF2B-6C61-4E17-9C99-4692F40304AF} = {31F6434B-386A-4AF5-8EE2-9C101A11D624}
		{D85AA6D0-BDD3-426C-B9EA-FAADF7702CD5} = {31F6434B-386A-4AF5-8EE2-9C101A11D624}
		{8CB974BB-FC3D-4614-9907-21A50003F9E7} = {31F6434B-386A-4AF5-8EE2-9C101A11D624}
	EndGlobalSection
	GlobalSection(ProjectConfigurationPlatforms) = postSolution
		{BD965023-7AA0-40C7-B3BF-565FAD525346}.Debug|Any CPU.ActiveCfg = Debug|Any CPU
		{BD965023-7AA0-40C7-B3BF-565FAD525346}.Debug|Any CPU.Build.0 = Debug|Any CPU
		{BD965023-7AA0-40C7-B3BF-565FAD525346}.Release|Any CPU.ActiveCfg = Release|Any CPU
		{BD965023-7AA0-40C7-B3BF-565FAD525346}.Release|Any CPU.Build.0 = Release|Any CPU
		{A523D379-4B6E-44BC-8BFA-E926091646A7}.Debug|Any CPU.ActiveCfg = Debug|Any CPU
		{A523D379-4B6E-44BC-8BFA-E926091646A7}.Debug|Any CPU.Build.0 = Debug|Any CPU
		{A523D379-4B6E-44BC-8BFA-E926091646A7}.Release|Any CPU.ActiveCfg = Release|Any CPU
		{A523D379-4B6E-44BC-8BFA-E926091646A7}.Release|Any CPU.Build.0 = Release|Any CPU
		{12DBDA34-49FF-40F5-A32B-B9BCB5814DC8}.Debug|Any CPU.ActiveCfg = Debug|Any CPU
		{12DBDA34-49FF-40F5-A32B-B9BCB5814DC8}.Debug|Any CPU.Build.0 = Debug|Any CPU
		{12DBDA34-49FF-40F5-A32B-B9BCB5814DC8}.Release|Any CPU.ActiveCfg = Release|Any CPU
		{12DBDA34-49FF-40F5-A32B-B9BCB5814DC8}.Release|Any CPU.Build.0 = Release|Any CPU
		{E9E57328-EBA8-4796-BAFD-9CD46EF4088D}.Debug|Any CPU.ActiveCfg = Debug|Any CPU
		{E9E57328-EBA8-4796-BAFD-9CD46EF4088D}.Debug|Any CPU.Build.0 = Debug|Any CPU
		{E9E57328-EBA8-4796-BAFD-9CD46EF4088D}.Release|Any CPU.ActiveCfg = Release|Any CPU
		{E9E57328-EBA8-4796-BAFD-9CD46EF4088D}.Release|Any CPU.Build.0 = Release|Any CPU
		{325F0F93-A8BE-4DBD-885D-BED9F3EEC04C}.Debug|Any CPU.ActiveCfg = Debug|Any CPU
		{325F0F93-A8BE-4DBD-885D-BED9F3EEC04C}.Debug|Any CPU.Build.0 = Debug|Any CPU
		{325F0F93-A8BE-4DBD-885D-BED9F3EEC04C}.Release|Any CPU.ActiveCfg = Release|Any CPU
		{325F0F93-A8BE-4DBD-885D-BED9F3EEC04C}.Release|Any CPU.Build.0 = Release|Any CPU
		{46DA9C84-B55D-47FF-A388-C426117EDA7C}.Debug|Any CPU.ActiveCfg = Debug|Any CPU
		{46DA9C84-B55D-47FF-A388-C426117EDA7C}.Debug|Any CPU.Build.0 = Debug|Any CPU
		{46DA9C84-B55D-47FF-A388-C426117EDA7C}.Release|Any CPU.ActiveCfg = Release|Any CPU
		{46DA9C84-B55D-47FF-A388-C426117EDA7C}.Release|Any CPU.Build.0 = Release|Any CPU
		{A6AF4D59-AB1D-4042-B958-8DA36247A146}.Debug|Any CPU.ActiveCfg = Debug|Any CPU
		{A6AF4D59-AB1D-4042-B958-8DA36247A146}.Debug|Any CPU.Build.0 = Debug|Any CPU
		{A6AF4D59-AB1D-4042-B958-8DA36247A146}.Release|Any CPU.ActiveCfg = Release|Any CPU
		{A6AF4D59-AB1D-4042-B958-8DA36247A146}.Release|Any CPU.Build.0 = Release|Any CPU
		{27C80349-1BBD-4640-931D-78EE75F843D7}.Debug|Any CPU.ActiveCfg = Debug|Any CPU
		{27C80349-1BBD-4640-931D-78EE75F843D7}.Debug|Any CPU.Build.0 = Debug|Any CPU
		{27C80349-1BBD-4640-931D-78EE75F843D7}.Release|Any CPU.ActiveCfg = Release|Any CPU
		{27C80349-1BBD-4640-931D-78EE75F843D7}.Release|Any CPU.Build.0 = Release|Any CPU
		{899EF158-A39B-4037-9ABB-8C8493026143}.Debug|Any CPU.ActiveCfg = Debug|Any CPU
		{899EF158-A39B-4037-9ABB-8C8493026143}.Debug|Any CPU.Build.0 = Debug|Any CPU
		{899EF158-A39B-4037-9ABB-8C8493026143}.Release|Any CPU.ActiveCfg = Release|Any CPU
		{899EF158-A39B-4037-9ABB-8C8493026143}.Release|Any CPU.Build.0 = Release|Any CPU
		{003A10A1-E770-46B9-83C3-8E21E702C698}.Debug|Any CPU.ActiveCfg = Debug|Any CPU
		{003A10A1-E770-46B9-83C3-8E21E702C698}.Debug|Any CPU.Build.0 = Debug|Any CPU
		{003A10A1-E770-46B9-83C3-8E21E702C698}.Release|Any CPU.ActiveCfg = Release|Any CPU
		{003A10A1-E770-46B9-83C3-8E21E702C698}.Release|Any CPU.Build.0 = Release|Any CPU
		{2157EA2A-6346-4CA4-86BF-12A743B8B1C6}.Debug|Any CPU.ActiveCfg = Debug|Any CPU
		{2157EA2A-6346-4CA4-86BF-12A743B8B1C6}.Debug|Any CPU.Build.0 = Debug|Any CPU
		{2157EA2A-6346-4CA4-86BF-12A743B8B1C6}.Release|Any CPU.ActiveCfg = Release|Any CPU
		{2157EA2A-6346-4CA4-86BF-12A743B8B1C6}.Release|Any CPU.Build.0 = Release|Any CPU
		{18B21CD8-3BF8-4E22-8387-C1CD800F7990}.Debug|Any CPU.ActiveCfg = Debug|Any CPU
		{18B21CD8-3BF8-4E22-8387-C1CD800F7990}.Debug|Any CPU.Build.0 = Debug|Any CPU
		{18B21CD8-3BF8-4E22-8387-C1CD800F7990}.Release|Any CPU.ActiveCfg = Release|Any CPU
		{18B21CD8-3BF8-4E22-8387-C1CD800F7990}.Release|Any CPU.Build.0 = Release|Any CPU
		{399FFF2B-6C61-4E17-9C99-4692F40304AF}.Debug|Any CPU.ActiveCfg = Debug|Any CPU
		{399FFF2B-6C61-4E17-9C99-4692F40304AF}.Debug|Any CPU.Build.0 = Debug|Any CPU
		{399FFF2B-6C61-4E17-9C99-4692F40304AF}.Release|Any CPU.ActiveCfg = Release|Any CPU
		{399FFF2B-6C61-4E17-9C99-4692F40304AF}.Release|Any CPU.Build.0 = Release|Any CPU
		{D85AA6D0-BDD3-426C-B9EA-FAADF7702CD5}.Debug|Any CPU.ActiveCfg = Debug|Any CPU
		{D85AA6D0-BDD3-426C-B9EA-FAADF7702CD5}.Debug|Any CPU.Build.0 = Debug|Any CPU
		{D85AA6D0-BDD3-426C-B9EA-FAADF7702CD5}.Release|Any CPU.ActiveCfg = Release|Any CPU
		{D85AA6D0-BDD3-426C-B9EA-FAADF7702CD5}.Release|Any CPU.Build.0 = Release|Any CPU
		{8CB974BB-FC3D-4614-9907-21A50003F9E7}.Debug|Any CPU.ActiveCfg = Debug|Any CPU
		{8CB974BB-FC3D-4614-9907-21A50003F9E7}.Debug|Any CPU.Build.0 = Debug|Any CPU
		{8CB974BB-FC3D-4614-9907-21A50003F9E7}.Release|Any CPU.ActiveCfg = Release|Any CPU
		{8CB974BB-FC3D-4614-9907-21A50003F9E7}.Release|Any CPU.Build.0 = Release|Any CPU
	EndGlobalSection
EndGlobal
